
Microsoft Visual Studio Solution File, Format Version 12.00
# Visual Studio 15
Project("{FAE04EC0-301F-11D3-BF4B-00C04F79EFBC}") = "Drawing.Android", "Drawing.Android\Drawing.Android.csproj", "{5F793B26-F33C-43CD-B6BC-C42FAA93AD26}"
EndProject
Project("{FAE04EC0-301F-11D3-BF4B-00C04F79EFBC}") = "Drawing.iOS", "Drawing.iOS\Drawing.iOS.csproj", "{93C9876D-B528-4D8F-AEBA-AAEAAD41E2A9}"
EndProject
Project("{FAE04EC0-301F-11D3-BF4B-00C04F79EFBC}") = "Drawing", "Drawing\Drawing.csproj", "{302B55D7-60ED-4CF9-BA85-1C4440E434ED}"
EndProject
Global
	GlobalSection(SolutionConfigurationPlatforms) = preSolution
		Debug|Any CPU = Debug|Any CPU
		Release|Any CPU = Release|Any CPU
		Debug|iPhoneSimulator = Debug|iPhoneSimulator
		Release|iPhoneSimulator = Release|iPhoneSimulator
		Debug|iPhone = Debug|iPhone
		Release|iPhone = Release|iPhone
	EndGlobalSection
	GlobalSection(ProjectConfigurationPlatforms) = postSolution
		{5F793B26-F33C-43CD-B6BC-C42FAA93AD26}.Debug|Any CPU.ActiveCfg = Debug|Any CPU
		{5F793B26-F33C-43CD-B6BC-C42FAA93AD26}.Debug|Any CPU.Build.0 = Debug|Any CPU
		{5F793B26-F33C-43CD-B6BC-C42FAA93AD26}.Release|Any CPU.ActiveCfg = Release|Any CPU
		{5F793B26-F33C-43CD-B6BC-C42FAA93AD26}.Release|Any CPU.Build.0 = Release|Any CPU
		{5F793B26-F33C-43CD-B6BC-C42FAA93AD26}.Debug|iPhoneSimulator.ActiveCfg = Debug|Any CPU
		{5F793B26-F33C-43CD-B6BC-C42FAA93AD26}.Debug|iPhoneSimulator.Build.0 = Debug|Any CPU
		{5F793B26-F33C-43CD-B6BC-C42FAA93AD26}.Release|iPhoneSimulator.ActiveCfg = Release|Any CPU
		{5F793B26-F33C-43CD-B6BC-C42FAA93AD26}.Release|iPhoneSimulator.Build.0 = Release|Any CPU
		{5F793B26-F33C-43CD-B6BC-C42FAA93AD26}.Debug|iPhone.ActiveCfg = Debug|Any CPU
		{5F793B26-F33C-43CD-B6BC-C42FAA93AD26}.Debug|iPhone.Build.0 = Debug|Any CPU
		{5F793B26-F33C-43CD-B6BC-C42FAA93AD26}.Release|iPhone.ActiveCfg = Release|Any CPU
		{5F793B26-F33C-43CD-B6BC-C42FAA93AD26}.Release|iPhone.Build.0 = Release|Any CPU
		{93C9876D-B528-4D8F-AEBA-AAEAAD41E2A9}.Debug|Any CPU.ActiveCfg = Debug|iPhoneSimulator
		{93C9876D-B528-4D8F-AEBA-AAEAAD41E2A9}.Debug|Any CPU.Build.0 = Debug|iPhoneSimulator
		{93C9876D-B528-4D8F-AEBA-AAEAAD41E2A9}.Release|Any CPU.ActiveCfg = Release|iPhoneSimulator
		{93C9876D-B528-4D8F-AEBA-AAEAAD41E2A9}.Release|Any CPU.Build.0 = Release|iPhoneSimulator
		{93C9876D-B528-4D8F-AEBA-AAEAAD41E2A9}.Debug|iPhoneSimulator.ActiveCfg = Debug|iPhoneSimulator
		{93C9876D-B528-4D8F-AEBA-AAEAAD41E2A9}.Debug|iPhoneSimulator.Build.0 = Debug|iPhoneSimulator
		{93C9876D-B528-4D8F-AEBA-AAEAAD41E2A9}.Release|iPhoneSimulator.ActiveCfg = Release|iPhoneSimulator
		{93C9876D-B528-4D8F-AEBA-AAEAAD41E2A9}.Release|iPhoneSimulator.Build.0 = Release|iPhoneSimulator
		{93C9876D-B528-4D8F-AEBA-AAEAAD41E2A9}.Debug|iPhone.ActiveCfg = Debug|iPhone
		{93C9876D-B528-4D8F-AEBA-AAEAAD41E2A9}.Debug|iPhone.Build.0 = Debug|iPhone
		{93C9876D-B528-4D8F-AEBA-AAEAAD41E2A9}.Release|iPhone.ActiveCfg = Release|iPhone
		{93C9876D-B528-4D8F-AEBA-AAEAAD41E2A9}.Release|iPhone.Build.0 = Release|iPhone
		{302B55D7-60ED-4CF9-BA85-1C4440E434ED}.Debug|Any CPU.ActiveCfg = Debug|Any CPU
		{302B55D7-60ED-4CF9-BA85-1C4440E434ED}.Debug|Any CPU.Build.0 = Debug|Any CPU
		{302B55D7-60ED-4CF9-BA85-1C4440E434ED}.Release|Any CPU.ActiveCfg = Release|Any CPU
		{302B55D7-60ED-4CF9-BA85-1C4440E434ED}.Release|Any CPU.Build.0 = Release|Any CPU
		{302B55D7-60ED-4CF9-BA85-1C4440E434ED}.Debug|iPhoneSimulator.ActiveCfg = Debug|Any CPU
		{302B55D7-60ED-4CF9-BA85-1C4440E434ED}.Debug|iPhoneSimulator.Build.0 = Debug|Any CPU
		{302B55D7-60ED-4CF9-BA85-1C4440E434ED}.Release|iPhoneSimulator.ActiveCfg = Release|Any CPU
		{302B55D7-60ED-4CF9-BA85-1C4440E434ED}.Release|iPhoneSimulator.Build.0 = Release|Any CPU
		{302B55D7-60ED-4CF9-BA85-1C4440E434ED}.Debug|iPhone.ActiveCfg = Debug|Any CPU
		{302B55D7-60ED-4CF9-BA85-1C4440E434ED}.Debug|iPhone.Build.0 = Debug|Any CPU
		{302B55D7-60ED-4CF9-BA85-1C4440E434ED}.Release|iPhone.ActiveCfg = Release|Any CPU
		{302B55D7-60ED-4CF9-BA85-1C4440E434ED}.Release|iPhone.Build.0 = Release|Any CPU
	EndGlobalSection
EndGlobal
