
Microsoft Visual Studio Solution File, Format Version 12.00
# Visual Studio 15
Project("{FAE04EC0-301F-11D3-BF4B-00C04F79EFBC}") = "IntegratingWithXamarinForms.Android", "IntegratingWithXamarinForms.Android\IntegratingWithXamarinForms.Android.csproj", "{C16A5327-31B2-4AC9-AD58-7A6436120331}"
EndProject
Project("{FAE04EC0-301F-11D3-BF4B-00C04F79EFBC}") = "IntegratingWithXamarinForms.iOS", "IntegratingWithXamarinForms.iOS\IntegratingWithXamarinForms.iOS.csproj", "{04544EB0-1DC7-48E5-818D-96481E82F863}"
EndProject
Project("{FAE04EC0-301F-11D3-BF4B-00C04F79EFBC}") = "IntegratingWithXamarinForms", "IntegratingWithXamarinForms\IntegratingWithXamarinForms.csproj", "{D7F719E2-99B1-4E59-A59B-6F40793BE23F}"
EndProject
Global
	GlobalSection(SolutionConfigurationPlatforms) = preSolution
		Debug|Any CPU = Debug|Any CPU
		Release|Any CPU = Release|Any CPU
		Debug|iPhoneSimulator = Debug|iPhoneSimulator
		Release|iPhoneSimulator = Release|iPhoneSimulator
		Debug|iPhone = Debug|iPhone
		Release|iPhone = Release|iPhone
	EndGlobalSection
	GlobalSection(ProjectConfigurationPlatforms) = postSolution
		{C16A5327-31B2-4AC9-AD58-7A6436120331}.Debug|Any CPU.ActiveCfg = Debug|Any CPU
		{C16A5327-31B2-4AC9-AD58-7A6436120331}.Debug|Any CPU.Build.0 = Debug|Any CPU
		{C16A5327-31B2-4AC9-AD58-7A6436120331}.Release|Any CPU.ActiveCfg = Release|Any CPU
		{C16A5327-31B2-4AC9-AD58-7A6436120331}.Release|Any CPU.Build.0 = Release|Any CPU
		{C16A5327-31B2-4AC9-AD58-7A6436120331}.Debug|iPhoneSimulator.ActiveCfg = Debug|Any CPU
		{C16A5327-31B2-4AC9-AD58-7A6436120331}.Debug|iPhoneSimulator.Build.0 = Debug|Any CPU
		{C16A5327-31B2-4AC9-AD58-7A6436120331}.Release|iPhoneSimulator.ActiveCfg = Release|Any CPU
		{C16A5327-31B2-4AC9-AD58-7A6436120331}.Release|iPhoneSimulator.Build.0 = Release|Any CPU
		{C16A5327-31B2-4AC9-AD58-7A6436120331}.Debug|iPhone.ActiveCfg = Debug|Any CPU
		{C16A5327-31B2-4AC9-AD58-7A6436120331}.Debug|iPhone.Build.0 = Debug|Any CPU
		{C16A5327-31B2-4AC9-AD58-7A6436120331}.Release|iPhone.ActiveCfg = Release|Any CPU
		{C16A5327-31B2-4AC9-AD58-7A6436120331}.Release|iPhone.Build.0 = Release|Any CPU
		{04544EB0-1DC7-48E5-818D-96481E82F863}.Debug|Any CPU.ActiveCfg = Debug|iPhoneSimulator
		{04544EB0-1DC7-48E5-818D-96481E82F863}.Debug|Any CPU.Build.0 = Debug|iPhoneSimulator
		{04544EB0-1DC7-48E5-818D-96481E82F863}.Release|Any CPU.ActiveCfg = Release|iPhoneSimulator
		{04544EB0-1DC7-48E5-818D-96481E82F863}.Release|Any CPU.Build.0 = Release|iPhoneSimulator
		{04544EB0-1DC7-48E5-818D-96481E82F863}.Debug|iPhoneSimulator.ActiveCfg = Debug|iPhoneSimulator
		{04544EB0-1DC7-48E5-818D-96481E82F863}.Debug|iPhoneSimulator.Build.0 = Debug|iPhoneSimulator
		{04544EB0-1DC7-48E5-818D-96481E82F863}.Release|iPhoneSimulator.ActiveCfg = Release|iPhoneSimulator
		{04544EB0-1DC7-48E5-818D-96481E82F863}.Release|iPhoneSimulator.Build.0 = Release|iPhoneSimulator
		{04544EB0-1DC7-48E5-818D-96481E82F863}.Debug|iPhone.ActiveCfg = Debug|iPhone
		{04544EB0-1DC7-48E5-818D-96481E82F863}.Debug|iPhone.Build.0 = Debug|iPhone
		{04544EB0-1DC7-48E5-818D-96481E82F863}.Release|iPhone.ActiveCfg = Release|iPhone
		{04544EB0-1DC7-48E5-818D-96481E82F863}.Release|iPhone.Build.0 = Release|iPhone
		{D7F719E2-99B1-4E59-A59B-6F40793BE23F}.Debug|Any CPU.ActiveCfg = Debug|Any CPU
		{D7F719E2-99B1-4E59-A59B-6F40793BE23F}.Debug|Any CPU.Build.0 = Debug|Any CPU
		{D7F719E2-99B1-4E59-A59B-6F40793BE23F}.Release|Any CPU.ActiveCfg = Release|Any CPU
		{D7F719E2-99B1-4E59-A59B-6F40793BE23F}.Release|Any CPU.Build.0 = Release|Any CPU
		{D7F719E2-99B1-4E59-A59B-6F40793BE23F}.Debug|iPhoneSimulator.ActiveCfg = Debug|Any CPU
		{D7F719E2-99B1-4E59-A59B-6F40793BE23F}.Debug|iPhoneSimulator.Build.0 = Debug|Any CPU
		{D7F719E2-99B1-4E59-A59B-6F40793BE23F}.Release|iPhoneSimulator.ActiveCfg = Release|Any CPU
		{D7F719E2-99B1-4E59-A59B-6F40793BE23F}.Release|iPhoneSimulator.Build.0 = Release|Any CPU
		{D7F719E2-99B1-4E59-A59B-6F40793BE23F}.Debug|iPhone.ActiveCfg = Debug|Any CPU
		{D7F719E2-99B1-4E59-A59B-6F40793BE23F}.Debug|iPhone.Build.0 = Debug|Any CPU
		{D7F719E2-99B1-4E59-A59B-6F40793BE23F}.Release|iPhone.ActiveCfg = Release|Any CPU
		{D7F719E2-99B1-4E59-A59B-6F40793BE23F}.Release|iPhone.Build.0 = Release|Any CPU
	EndGlobalSection
EndGlobal
