
Microsoft Visual Studio Solution File, Format Version 12.00
# Visual Studio 15
Project("{FAE04EC0-301F-11D3-BF4B-00C04F79EFBC}") = "Transparency.Android", "Transparency.Android\Transparency.Android.csproj", "{B8E21A5B-9975-41EF-AA36-480F97E00082}"
EndProject
Project("{FAE04EC0-301F-11D3-BF4B-00C04F79EFBC}") = "Transparency.iOS", "Transparency.iOS\Transparency.iOS.csproj", "{68BD377F-5336-4064-AAFB-F63E83D2F64F}"
EndProject
Project("{FAE04EC0-301F-11D3-BF4B-00C04F79EFBC}") = "Transparency", "Transparency\Transparency.csproj", "{29FAB384-1C73-4DEB-960D-2197B1BF30D5}"
EndProject
Global
	GlobalSection(SolutionConfigurationPlatforms) = preSolution
		Debug|Any CPU = Debug|Any CPU
		Release|Any CPU = Release|Any CPU
		Debug|iPhoneSimulator = Debug|iPhoneSimulator
		Release|iPhoneSimulator = Release|iPhoneSimulator
		Debug|iPhone = Debug|iPhone
		Release|iPhone = Release|iPhone
	EndGlobalSection
	GlobalSection(ProjectConfigurationPlatforms) = postSolution
		{B8E21A5B-9975-41EF-AA36-480F97E00082}.Debug|Any CPU.ActiveCfg = Debug|Any CPU
		{B8E21A5B-9975-41EF-AA36-480F97E00082}.Debug|Any CPU.Build.0 = Debug|Any CPU
		{B8E21A5B-9975-41EF-AA36-480F97E00082}.Release|Any CPU.ActiveCfg = Release|Any CPU
		{B8E21A5B-9975-41EF-AA36-480F97E00082}.Release|Any CPU.Build.0 = Release|Any CPU
		{B8E21A5B-9975-41EF-AA36-480F97E00082}.Debug|iPhoneSimulator.ActiveCfg = Debug|Any CPU
		{B8E21A5B-9975-41EF-AA36-480F97E00082}.Debug|iPhoneSimulator.Build.0 = Debug|Any CPU
		{B8E21A5B-9975-41EF-AA36-480F97E00082}.Release|iPhoneSimulator.ActiveCfg = Release|Any CPU
		{B8E21A5B-9975-41EF-AA36-480F97E00082}.Release|iPhoneSimulator.Build.0 = Release|Any CPU
		{B8E21A5B-9975-41EF-AA36-480F97E00082}.Debug|iPhone.ActiveCfg = Debug|Any CPU
		{B8E21A5B-9975-41EF-AA36-480F97E00082}.Debug|iPhone.Build.0 = Debug|Any CPU
		{B8E21A5B-9975-41EF-AA36-480F97E00082}.Release|iPhone.ActiveCfg = Release|Any CPU
		{B8E21A5B-9975-41EF-AA36-480F97E00082}.Release|iPhone.Build.0 = Release|Any CPU
		{68BD377F-5336-4064-AAFB-F63E83D2F64F}.Debug|Any CPU.ActiveCfg = Debug|iPhoneSimulator
		{68BD377F-5336-4064-AAFB-F63E83D2F64F}.Debug|Any CPU.Build.0 = Debug|iPhoneSimulator
		{68BD377F-5336-4064-AAFB-F63E83D2F64F}.Release|Any CPU.ActiveCfg = Release|iPhoneSimulator
		{68BD377F-5336-4064-AAFB-F63E83D2F64F}.Release|Any CPU.Build.0 = Release|iPhoneSimulator
		{68BD377F-5336-4064-AAFB-F63E83D2F64F}.Debug|iPhoneSimulator.ActiveCfg = Debug|iPhoneSimulator
		{68BD377F-5336-4064-AAFB-F63E83D2F64F}.Debug|iPhoneSimulator.Build.0 = Debug|iPhoneSimulator
		{68BD377F-5336-4064-AAFB-F63E83D2F64F}.Release|iPhoneSimulator.ActiveCfg = Release|iPhoneSimulator
		{68BD377F-5336-4064-AAFB-F63E83D2F64F}.Release|iPhoneSimulator.Build.0 = Release|iPhoneSimulator
		{68BD377F-5336-4064-AAFB-F63E83D2F64F}.Debug|iPhone.ActiveCfg = Debug|iPhone
		{68BD377F-5336-4064-AAFB-F63E83D2F64F}.Debug|iPhone.Build.0 = Debug|iPhone
		{68BD377F-5336-4064-AAFB-F63E83D2F64F}.Release|iPhone.ActiveCfg = Release|iPhone
		{68BD377F-5336-4064-AAFB-F63E83D2F64F}.Release|iPhone.Build.0 = Release|iPhone
		{29FAB384-1C73-4DEB-960D-2197B1BF30D5}.Debug|Any CPU.ActiveCfg = Debug|Any CPU
		{29FAB384-1C73-4DEB-960D-2197B1BF30D5}.Debug|Any CPU.Build.0 = Debug|Any CPU
		{29FAB384-1C73-4DEB-960D-2197B1BF30D5}.Release|Any CPU.ActiveCfg = Release|Any CPU
		{29FAB384-1C73-4DEB-960D-2197B1BF30D5}.Release|Any CPU.Build.0 = Release|Any CPU
		{29FAB384-1C73-4DEB-960D-2197B1BF30D5}.Debug|iPhoneSimulator.ActiveCfg = Debug|Any CPU
		{29FAB384-1C73-4DEB-960D-2197B1BF30D5}.Debug|iPhoneSimulator.Build.0 = Debug|Any CPU
		{29FAB384-1C73-4DEB-960D-2197B1BF30D5}.Release|iPhoneSimulator.ActiveCfg = Release|Any CPU
		{29FAB384-1C73-4DEB-960D-2197B1BF30D5}.Release|iPhoneSimulator.Build.0 = Release|Any CPU
		{29FAB384-1C73-4DEB-960D-2197B1BF30D5}.Debug|iPhone.ActiveCfg = Debug|Any CPU
		{29FAB384-1C73-4DEB-960D-2197B1BF30D5}.Debug|iPhone.Build.0 = Debug|Any CPU
		{29FAB384-1C73-4DEB-960D-2197B1BF30D5}.Release|iPhone.ActiveCfg = Release|Any CPU
		{29FAB384-1C73-4DEB-960D-2197B1BF30D5}.Release|iPhone.Build.0 = Release|Any CPU
	EndGlobalSection
EndGlobal
