
Microsoft Visual Studio Solution File, Format Version 12.00
# Visual Studio 15
Project("{FAE04EC0-301F-11D3-BF4B-00C04F79EFBC}") = "DrawingBasics.Android", "DrawingBasics.Android\DrawingBasics.Android.csproj", "{31EF31CF-2EA4-43DB-B445-22A005EC1118}"
EndProject
Project("{FAE04EC0-301F-11D3-BF4B-00C04F79EFBC}") = "DrawingBasics.iOS", "DrawingBasics.iOS\DrawingBasics.iOS.csproj", "{3993EB15-07B7-41C8-88D5-FBFF3656B578}"
EndProject
Project("{FAE04EC0-301F-11D3-BF4B-00C04F79EFBC}") = "DrawingBasics", "DrawingBasics\DrawingBasics.csproj", "{9E26E88C-23D4-4B85-97C0-DCFC60F7D074}"
EndProject
Global
	GlobalSection(SolutionConfigurationPlatforms) = preSolution
		Debug|Any CPU = Debug|Any CPU
		Release|Any CPU = Release|Any CPU
		Debug|iPhoneSimulator = Debug|iPhoneSimulator
		Release|iPhoneSimulator = Release|iPhoneSimulator
		Debug|iPhone = Debug|iPhone
		Release|iPhone = Release|iPhone
	EndGlobalSection
	GlobalSection(ProjectConfigurationPlatforms) = postSolution
		{31EF31CF-2EA4-43DB-B445-22A005EC1118}.Debug|Any CPU.ActiveCfg = Debug|Any CPU
		{31EF31CF-2EA4-43DB-B445-22A005EC1118}.Debug|Any CPU.Build.0 = Debug|Any CPU
		{31EF31CF-2EA4-43DB-B445-22A005EC1118}.Release|Any CPU.ActiveCfg = Release|Any CPU
		{31EF31CF-2EA4-43DB-B445-22A005EC1118}.Release|Any CPU.Build.0 = Release|Any CPU
		{31EF31CF-2EA4-43DB-B445-22A005EC1118}.Debug|iPhoneSimulator.ActiveCfg = Debug|Any CPU
		{31EF31CF-2EA4-43DB-B445-22A005EC1118}.Debug|iPhoneSimulator.Build.0 = Debug|Any CPU
		{31EF31CF-2EA4-43DB-B445-22A005EC1118}.Release|iPhoneSimulator.ActiveCfg = Release|Any CPU
		{31EF31CF-2EA4-43DB-B445-22A005EC1118}.Release|iPhoneSimulator.Build.0 = Release|Any CPU
		{31EF31CF-2EA4-43DB-B445-22A005EC1118}.Debug|iPhone.ActiveCfg = Debug|Any CPU
		{31EF31CF-2EA4-43DB-B445-22A005EC1118}.Debug|iPhone.Build.0 = Debug|Any CPU
		{31EF31CF-2EA4-43DB-B445-22A005EC1118}.Release|iPhone.ActiveCfg = Release|Any CPU
		{31EF31CF-2EA4-43DB-B445-22A005EC1118}.Release|iPhone.Build.0 = Release|Any CPU
		{3993EB15-07B7-41C8-88D5-FBFF3656B578}.Debug|Any CPU.ActiveCfg = Debug|iPhoneSimulator
		{3993EB15-07B7-41C8-88D5-FBFF3656B578}.Debug|Any CPU.Build.0 = Debug|iPhoneSimulator
		{3993EB15-07B7-41C8-88D5-FBFF3656B578}.Release|Any CPU.ActiveCfg = Release|iPhoneSimulator
		{3993EB15-07B7-41C8-88D5-FBFF3656B578}.Release|Any CPU.Build.0 = Release|iPhoneSimulator
		{3993EB15-07B7-41C8-88D5-FBFF3656B578}.Debug|iPhoneSimulator.ActiveCfg = Debug|iPhoneSimulator
		{3993EB15-07B7-41C8-88D5-FBFF3656B578}.Debug|iPhoneSimulator.Build.0 = Debug|iPhoneSimulator
		{3993EB15-07B7-41C8-88D5-FBFF3656B578}.Release|iPhoneSimulator.ActiveCfg = Release|iPhoneSimulator
		{3993EB15-07B7-41C8-88D5-FBFF3656B578}.Release|iPhoneSimulator.Build.0 = Release|iPhoneSimulator
		{3993EB15-07B7-41C8-88D5-FBFF3656B578}.Debug|iPhone.ActiveCfg = Debug|iPhone
		{3993EB15-07B7-41C8-88D5-FBFF3656B578}.Debug|iPhone.Build.0 = Debug|iPhone
		{3993EB15-07B7-41C8-88D5-FBFF3656B578}.Release|iPhone.ActiveCfg = Release|iPhone
		{3993EB15-07B7-41C8-88D5-FBFF3656B578}.Release|iPhone.Build.0 = Release|iPhone
		{9E26E88C-23D4-4B85-97C0-DCFC60F7D074}.Debug|Any CPU.ActiveCfg = Debug|Any CPU
		{9E26E88C-23D4-4B85-97C0-DCFC60F7D074}.Debug|Any CPU.Build.0 = Debug|Any CPU
		{9E26E88C-23D4-4B85-97C0-DCFC60F7D074}.Release|Any CPU.ActiveCfg = Release|Any CPU
		{9E26E88C-23D4-4B85-97C0-DCFC60F7D074}.Release|Any CPU.Build.0 = Release|Any CPU
		{9E26E88C-23D4-4B85-97C0-DCFC60F7D074}.Debug|iPhoneSimulator.ActiveCfg = Debug|Any CPU
		{9E26E88C-23D4-4B85-97C0-DCFC60F7D074}.Debug|iPhoneSimulator.Build.0 = Debug|Any CPU
		{9E26E88C-23D4-4B85-97C0-DCFC60F7D074}.Release|iPhoneSimulator.ActiveCfg = Release|Any CPU
		{9E26E88C-23D4-4B85-97C0-DCFC60F7D074}.Release|iPhoneSimulator.Build.0 = Release|Any CPU
		{9E26E88C-23D4-4B85-97C0-DCFC60F7D074}.Debug|iPhone.ActiveCfg = Debug|Any CPU
		{9E26E88C-23D4-4B85-97C0-DCFC60F7D074}.Debug|iPhone.Build.0 = Debug|Any CPU
		{9E26E88C-23D4-4B85-97C0-DCFC60F7D074}.Release|iPhone.ActiveCfg = Release|Any CPU
		{9E26E88C-23D4-4B85-97C0-DCFC60F7D074}.Release|iPhone.Build.0 = Release|Any CPU
	EndGlobalSection
EndGlobal
