
Microsoft Visual Studio Solution File, Format Version 12.00
# Visual Studio 15
Project("{FAE04EC0-301F-11D3-BF4B-00C04F79EFBC}") = "BasicBindings.Android", "BasicBindings.Android\BasicBindings.Android.csproj", "{88E635A8-4C14-4F2C-A6CC-0CAA680401E1}"
EndProject
Project("{FAE04EC0-301F-11D3-BF4B-00C04F79EFBC}") = "BasicBindings.iOS", "BasicBindings.iOS\BasicBindings.iOS.csproj", "{0DE721AE-254D-4059-A7BA-7B71316E9D95}"
EndProject
Project("{FAE04EC0-301F-11D3-BF4B-00C04F79EFBC}") = "BasicBindings", "BasicBindings\BasicBindings.csproj", "{6868E762-B127-4760-844B-DD9B1068383A}"
EndProject
Global
	GlobalSection(SolutionConfigurationPlatforms) = preSolution
		Debug|Any CPU = Debug|Any CPU
		Release|Any CPU = Release|Any CPU
		Debug|iPhoneSimulator = Debug|iPhoneSimulator
		Release|iPhoneSimulator = Release|iPhoneSimulator
		Debug|iPhone = Debug|iPhone
		Release|iPhone = Release|iPhone
	EndGlobalSection
	GlobalSection(ProjectConfigurationPlatforms) = postSolution
		{88E635A8-4C14-4F2C-A6CC-0CAA680401E1}.Debug|Any CPU.ActiveCfg = Debug|Any CPU
		{88E635A8-4C14-4F2C-A6CC-0CAA680401E1}.Debug|Any CPU.Build.0 = Debug|Any CPU
		{88E635A8-4C14-4F2C-A6CC-0CAA680401E1}.Release|Any CPU.ActiveCfg = Release|Any CPU
		{88E635A8-4C14-4F2C-A6CC-0CAA680401E1}.Release|Any CPU.Build.0 = Release|Any CPU
		{88E635A8-4C14-4F2C-A6CC-0CAA680401E1}.Debug|iPhoneSimulator.ActiveCfg = Debug|Any CPU
		{88E635A8-4C14-4F2C-A6CC-0CAA680401E1}.Debug|iPhoneSimulator.Build.0 = Debug|Any CPU
		{88E635A8-4C14-4F2C-A6CC-0CAA680401E1}.Release|iPhoneSimulator.ActiveCfg = Release|Any CPU
		{88E635A8-4C14-4F2C-A6CC-0CAA680401E1}.Release|iPhoneSimulator.Build.0 = Release|Any CPU
		{88E635A8-4C14-4F2C-A6CC-0CAA680401E1}.Debug|iPhone.ActiveCfg = Debug|Any CPU
		{88E635A8-4C14-4F2C-A6CC-0CAA680401E1}.Debug|iPhone.Build.0 = Debug|Any CPU
		{88E635A8-4C14-4F2C-A6CC-0CAA680401E1}.Release|iPhone.ActiveCfg = Release|Any CPU
		{88E635A8-4C14-4F2C-A6CC-0CAA680401E1}.Release|iPhone.Build.0 = Release|Any CPU
		{0DE721AE-254D-4059-A7BA-7B71316E9D95}.Debug|Any CPU.ActiveCfg = Debug|iPhoneSimulator
		{0DE721AE-254D-4059-A7BA-7B71316E9D95}.Debug|Any CPU.Build.0 = Debug|iPhoneSimulator
		{0DE721AE-254D-4059-A7BA-7B71316E9D95}.Release|Any CPU.ActiveCfg = Release|iPhoneSimulator
		{0DE721AE-254D-4059-A7BA-7B71316E9D95}.Release|Any CPU.Build.0 = Release|iPhoneSimulator
		{0DE721AE-254D-4059-A7BA-7B71316E9D95}.Debug|iPhoneSimulator.ActiveCfg = Debug|iPhoneSimulator
		{0DE721AE-254D-4059-A7BA-7B71316E9D95}.Debug|iPhoneSimulator.Build.0 = Debug|iPhoneSimulator
		{0DE721AE-254D-4059-A7BA-7B71316E9D95}.Release|iPhoneSimulator.ActiveCfg = Release|iPhoneSimulator
		{0DE721AE-254D-4059-A7BA-7B71316E9D95}.Release|iPhoneSimulator.Build.0 = Release|iPhoneSimulator
		{0DE721AE-254D-4059-A7BA-7B71316E9D95}.Debug|iPhone.ActiveCfg = Debug|iPhone
		{0DE721AE-254D-4059-A7BA-7B71316E9D95}.Debug|iPhone.Build.0 = Debug|iPhone
		{0DE721AE-254D-4059-A7BA-7B71316E9D95}.Release|iPhone.ActiveCfg = Release|iPhone
		{0DE721AE-254D-4059-A7BA-7B71316E9D95}.Release|iPhone.Build.0 = Release|iPhone
		{6868E762-B127-4760-844B-DD9B1068383A}.Debug|Any CPU.ActiveCfg = Debug|Any CPU
		{6868E762-B127-4760-844B-DD9B1068383A}.Debug|Any CPU.Build.0 = Debug|Any CPU
		{6868E762-B127-4760-844B-DD9B1068383A}.Release|Any CPU.ActiveCfg = Release|Any CPU
		{6868E762-B127-4760-844B-DD9B1068383A}.Release|Any CPU.Build.0 = Release|Any CPU
		{6868E762-B127-4760-844B-DD9B1068383A}.Debug|iPhoneSimulator.ActiveCfg = Debug|Any CPU
		{6868E762-B127-4760-844B-DD9B1068383A}.Debug|iPhoneSimulator.Build.0 = Debug|Any CPU
		{6868E762-B127-4760-844B-DD9B1068383A}.Release|iPhoneSimulator.ActiveCfg = Release|Any CPU
		{6868E762-B127-4760-844B-DD9B1068383A}.Release|iPhoneSimulator.Build.0 = Release|Any CPU
		{6868E762-B127-4760-844B-DD9B1068383A}.Debug|iPhone.ActiveCfg = Debug|Any CPU
		{6868E762-B127-4760-844B-DD9B1068383A}.Debug|iPhone.Build.0 = Debug|Any CPU
		{6868E762-B127-4760-844B-DD9B1068383A}.Release|iPhone.ActiveCfg = Release|Any CPU
		{6868E762-B127-4760-844B-DD9B1068383A}.Release|iPhone.Build.0 = Release|Any CPU
	EndGlobalSection
EndGlobal
