
Microsoft Visual Studio Solution File, Format Version 12.00
# Visual Studio 15
Project("{FAE04EC0-301F-11D3-BF4B-00C04F79EFBC}") = "Notes.iOS", "Notes.iOS\Notes.iOS.csproj", "{57FCF3C0-48F9-4845-9704-D7057B52D72D}"
EndProject
Project("{FAE04EC0-301F-11D3-BF4B-00C04F79EFBC}") = "Notes", "Notes\Notes.csproj", "{EA2B7EC4-E49C-4612-9128-0D3B85D2BDFF}"
EndProject
Global
	GlobalSection(SolutionConfigurationPlatforms) = preSolution
		Debug|iPhoneSimulator = Debug|iPhoneSimulator
		Release|iPhoneSimulator = Release|iPhoneSimulator
		Debug|iPhone = Debug|iPhone
		Release|iPhone = Release|iPhone
		Debug|Any CPU = Debug|Any CPU
		Release|Any CPU = Release|Any CPU
	EndGlobalSection
	GlobalSection(ProjectConfigurationPlatforms) = postSolution
		{57FCF3C0-48F9-4845-9704-D7057B52D72D}.Debug|iPhoneSimulator.ActiveCfg = Debug|iPhoneSimulator
		{57FCF3C0-48F9-4845-9704-D7057B52D72D}.Debug|iPhoneSimulator.Build.0 = Debug|iPhoneSimulator
		{57FCF3C0-48F9-4845-9704-D7057B52D72D}.Release|iPhoneSimulator.ActiveCfg = Release|iPhoneSimulator
		{57FCF3C0-48F9-4845-9704-D7057B52D72D}.Release|iPhoneSimulator.Build.0 = Release|iPhoneSimulator
		{57FCF3C0-48F9-4845-9704-D7057B52D72D}.Debug|iPhone.ActiveCfg = Debug|iPhone
		{57FCF3C0-48F9-4845-9704-D7057B52D72D}.Debug|iPhone.Build.0 = Debug|iPhone
		{57FCF3C0-48F9-4845-9704-D7057B52D72D}.Release|iPhone.ActiveCfg = Release|iPhone
		{57FCF3C0-48F9-4845-9704-D7057B52D72D}.Release|iPhone.Build.0 = Release|iPhone
		{57FCF3C0-48F9-4845-9704-D7057B52D72D}.Debug|Any CPU.ActiveCfg = Debug|iPhoneSimulator
		{57FCF3C0-48F9-4845-9704-D7057B52D72D}.Debug|Any CPU.Build.0 = Debug|iPhoneSimulator
		{57FCF3C0-48F9-4845-9704-D7057B52D72D}.Release|Any CPU.ActiveCfg = Release|iPhoneSimulator
		{57FCF3C0-48F9-4845-9704-D7057B52D72D}.Release|Any CPU.Build.0 = Release|iPhoneSimulator
		{EA2B7EC4-E49C-4612-9128-0D3B85D2BDFF}.Debug|iPhoneSimulator.ActiveCfg = Debug|Any CPU
		{EA2B7EC4-E49C-4612-9128-0D3B85D2BDFF}.Debug|iPhoneSimulator.Build.0 = Debug|Any CPU
		{EA2B7EC4-E49C-4612-9128-0D3B85D2BDFF}.Release|iPhoneSimulator.ActiveCfg = Release|Any CPU
		{EA2B7EC4-E49C-4612-9128-0D3B85D2BDFF}.Release|iPhoneSimulator.Build.0 = Release|Any CPU
		{EA2B7EC4-E49C-4612-9128-0D3B85D2BDFF}.Debug|iPhone.ActiveCfg = Debug|Any CPU
		{EA2B7EC4-E49C-4612-9128-0D3B85D2BDFF}.Debug|iPhone.Build.0 = Debug|Any CPU
		{EA2B7EC4-E49C-4612-9128-0D3B85D2BDFF}.Release|iPhone.ActiveCfg = Release|Any CPU
		{EA2B7EC4-E49C-4612-9128-0D3B85D2BDFF}.Release|iPhone.Build.0 = Release|Any CPU
		{EA2B7EC4-E49C-4612-9128-0D3B85D2BDFF}.Debug|Any CPU.ActiveCfg = Debug|Any CPU
		{EA2B7EC4-E49C-4612-9128-0D3B85D2BDFF}.Debug|Any CPU.Build.0 = Debug|Any CPU
		{EA2B7EC4-E49C-4612-9128-0D3B85D2BDFF}.Release|Any CPU.ActiveCfg = Release|Any CPU
		{EA2B7EC4-E49C-4612-9128-0D3B85D2BDFF}.Release|Any CPU.Build.0 = Release|Any CPU
	EndGlobalSection
EndGlobal
