
Microsoft Visual Studio Solution File, Format Version 12.00
# Visual Studio 15
Project("{FAE04EC0-301F-11D3-BF4B-00C04F79EFBC}") = "BasicAnimation.Android", "BasicAnimation.Android\BasicAnimation.Android.csproj", "{AFCF607C-CA4F-420A-B13B-962B10381E6B}"
EndProject
Project("{FAE04EC0-301F-11D3-BF4B-00C04F79EFBC}") = "BasicAnimation.iOS", "BasicAnimation.iOS\BasicAnimation.iOS.csproj", "{E9B88D5C-7F92-4E5D-A581-E84BA0C481C2}"
EndProject
Project("{FAE04EC0-301F-11D3-BF4B-00C04F79EFBC}") = "BasicAnimation", "BasicAnimation\BasicAnimation.csproj", "{70A76F5C-80C4-4278-9093-A86FCBDF126E}"
EndProject
Global
	GlobalSection(SolutionConfigurationPlatforms) = preSolution
		Debug|Any CPU = Debug|Any CPU
		Release|Any CPU = Release|Any CPU
		Debug|iPhoneSimulator = Debug|iPhoneSimulator
		Release|iPhoneSimulator = Release|iPhoneSimulator
		Debug|iPhone = Debug|iPhone
		Release|iPhone = Release|iPhone
	EndGlobalSection
	GlobalSection(ProjectConfigurationPlatforms) = postSolution
		{AFCF607C-CA4F-420A-B13B-962B10381E6B}.Debug|Any CPU.ActiveCfg = Debug|Any CPU
		{AFCF607C-CA4F-420A-B13B-962B10381E6B}.Debug|Any CPU.Build.0 = Debug|Any CPU
		{AFCF607C-CA4F-420A-B13B-962B10381E6B}.Release|Any CPU.ActiveCfg = Release|Any CPU
		{AFCF607C-CA4F-420A-B13B-962B10381E6B}.Release|Any CPU.Build.0 = Release|Any CPU
		{AFCF607C-CA4F-420A-B13B-962B10381E6B}.Debug|iPhoneSimulator.ActiveCfg = Debug|Any CPU
		{AFCF607C-CA4F-420A-B13B-962B10381E6B}.Debug|iPhoneSimulator.Build.0 = Debug|Any CPU
		{AFCF607C-CA4F-420A-B13B-962B10381E6B}.Release|iPhoneSimulator.ActiveCfg = Release|Any CPU
		{AFCF607C-CA4F-420A-B13B-962B10381E6B}.Release|iPhoneSimulator.Build.0 = Release|Any CPU
		{AFCF607C-CA4F-420A-B13B-962B10381E6B}.Debug|iPhone.ActiveCfg = Debug|Any CPU
		{AFCF607C-CA4F-420A-B13B-962B10381E6B}.Debug|iPhone.Build.0 = Debug|Any CPU
		{AFCF607C-CA4F-420A-B13B-962B10381E6B}.Release|iPhone.ActiveCfg = Release|Any CPU
		{AFCF607C-CA4F-420A-B13B-962B10381E6B}.Release|iPhone.Build.0 = Release|Any CPU
		{E9B88D5C-7F92-4E5D-A581-E84BA0C481C2}.Debug|Any CPU.ActiveCfg = Debug|iPhoneSimulator
		{E9B88D5C-7F92-4E5D-A581-E84BA0C481C2}.Debug|Any CPU.Build.0 = Debug|iPhoneSimulator
		{E9B88D5C-7F92-4E5D-A581-E84BA0C481C2}.Release|Any CPU.ActiveCfg = Release|iPhoneSimulator
		{E9B88D5C-7F92-4E5D-A581-E84BA0C481C2}.Release|Any CPU.Build.0 = Release|iPhoneSimulator
		{E9B88D5C-7F92-4E5D-A581-E84BA0C481C2}.Debug|iPhoneSimulator.ActiveCfg = Debug|iPhoneSimulator
		{E9B88D5C-7F92-4E5D-A581-E84BA0C481C2}.Debug|iPhoneSimulator.Build.0 = Debug|iPhoneSimulator
		{E9B88D5C-7F92-4E5D-A581-E84BA0C481C2}.Release|iPhoneSimulator.ActiveCfg = Release|iPhoneSimulator
		{E9B88D5C-7F92-4E5D-A581-E84BA0C481C2}.Release|iPhoneSimulator.Build.0 = Release|iPhoneSimulator
		{E9B88D5C-7F92-4E5D-A581-E84BA0C481C2}.Debug|iPhone.ActiveCfg = Debug|iPhone
		{E9B88D5C-7F92-4E5D-A581-E84BA0C481C2}.Debug|iPhone.Build.0 = Debug|iPhone
		{E9B88D5C-7F92-4E5D-A581-E84BA0C481C2}.Release|iPhone.ActiveCfg = Release|iPhone
		{E9B88D5C-7F92-4E5D-A581-E84BA0C481C2}.Release|iPhone.Build.0 = Release|iPhone
		{70A76F5C-80C4-4278-9093-A86FCBDF126E}.Debug|Any CPU.ActiveCfg = Debug|Any CPU
		{70A76F5C-80C4-4278-9093-A86FCBDF126E}.Debug|Any CPU.Build.0 = Debug|Any CPU
		{70A76F5C-80C4-4278-9093-A86FCBDF126E}.Release|Any CPU.ActiveCfg = Release|Any CPU
		{70A76F5C-80C4-4278-9093-A86FCBDF126E}.Release|Any CPU.Build.0 = Release|Any CPU
		{70A76F5C-80C4-4278-9093-A86FCBDF126E}.Debug|iPhoneSimulator.ActiveCfg = Debug|Any CPU
		{70A76F5C-80C4-4278-9093-A86FCBDF126E}.Debug|iPhoneSimulator.Build.0 = Debug|Any CPU
		{70A76F5C-80C4-4278-9093-A86FCBDF126E}.Release|iPhoneSimulator.ActiveCfg = Release|Any CPU
		{70A76F5C-80C4-4278-9093-A86FCBDF126E}.Release|iPhoneSimulator.Build.0 = Release|Any CPU
		{70A76F5C-80C4-4278-9093-A86FCBDF126E}.Debug|iPhone.ActiveCfg = Debug|Any CPU
		{70A76F5C-80C4-4278-9093-A86FCBDF126E}.Debug|iPhone.Build.0 = Debug|Any CPU
		{70A76F5C-80C4-4278-9093-A86FCBDF126E}.Release|iPhone.ActiveCfg = Release|Any CPU
		{70A76F5C-80C4-4278-9093-A86FCBDF126E}.Release|iPhone.Build.0 = Release|Any CPU
	EndGlobalSection
EndGlobal
