
Microsoft Visual Studio Solution File, Format Version 12.00
# Visual Studio 15
Project("{FAE04EC0-301F-11D3-BF4B-00C04F79EFBC}") = "XamarinForms101.Android", "XamarinForms101.Android\XamarinForms101.Android.csproj", "{74BBF2AD-7438-4FD8-B5A8-335A6FD35268}"
EndProject
Project("{FAE04EC0-301F-11D3-BF4B-00C04F79EFBC}") = "XamarinForms101.iOS", "XamarinForms101.iOS\XamarinForms101.iOS.csproj", "{B7552E42-546C-479A-B56B-AA66FEE2FD00}"
EndProject
Project("{FAE04EC0-301F-11D3-BF4B-00C04F79EFBC}") = "XamarinForms101", "XamarinForms101\XamarinForms101.csproj", "{50DBA333-AC8B-4784-B3B0-8B27DD5835C6}"
EndProject
Global
	GlobalSection(SolutionConfigurationPlatforms) = preSolution
		Debug|Any CPU = Debug|Any CPU
		Release|Any CPU = Release|Any CPU
		Debug|iPhoneSimulator = Debug|iPhoneSimulator
		Release|iPhoneSimulator = Release|iPhoneSimulator
		Debug|iPhone = Debug|iPhone
		Release|iPhone = Release|iPhone
	EndGlobalSection
	GlobalSection(ProjectConfigurationPlatforms) = postSolution
		{74BBF2AD-7438-4FD8-B5A8-335A6FD35268}.Debug|Any CPU.ActiveCfg = Debug|Any CPU
		{74BBF2AD-7438-4FD8-B5A8-335A6FD35268}.Debug|Any CPU.Build.0 = Debug|Any CPU
		{74BBF2AD-7438-4FD8-B5A8-335A6FD35268}.Release|Any CPU.ActiveCfg = Release|Any CPU
		{74BBF2AD-7438-4FD8-B5A8-335A6FD35268}.Release|Any CPU.Build.0 = Release|Any CPU
		{74BBF2AD-7438-4FD8-B5A8-335A6FD35268}.Debug|iPhoneSimulator.ActiveCfg = Debug|Any CPU
		{74BBF2AD-7438-4FD8-B5A8-335A6FD35268}.Debug|iPhoneSimulator.Build.0 = Debug|Any CPU
		{74BBF2AD-7438-4FD8-B5A8-335A6FD35268}.Release|iPhoneSimulator.ActiveCfg = Release|Any CPU
		{74BBF2AD-7438-4FD8-B5A8-335A6FD35268}.Release|iPhoneSimulator.Build.0 = Release|Any CPU
		{74BBF2AD-7438-4FD8-B5A8-335A6FD35268}.Debug|iPhone.ActiveCfg = Debug|Any CPU
		{74BBF2AD-7438-4FD8-B5A8-335A6FD35268}.Debug|iPhone.Build.0 = Debug|Any CPU
		{74BBF2AD-7438-4FD8-B5A8-335A6FD35268}.Release|iPhone.ActiveCfg = Release|Any CPU
		{74BBF2AD-7438-4FD8-B5A8-335A6FD35268}.Release|iPhone.Build.0 = Release|Any CPU
		{B7552E42-546C-479A-B56B-AA66FEE2FD00}.Debug|Any CPU.ActiveCfg = Debug|iPhoneSimulator
		{B7552E42-546C-479A-B56B-AA66FEE2FD00}.Debug|Any CPU.Build.0 = Debug|iPhoneSimulator
		{B7552E42-546C-479A-B56B-AA66FEE2FD00}.Release|Any CPU.ActiveCfg = Release|iPhoneSimulator
		{B7552E42-546C-479A-B56B-AA66FEE2FD00}.Release|Any CPU.Build.0 = Release|iPhoneSimulator
		{B7552E42-546C-479A-B56B-AA66FEE2FD00}.Debug|iPhoneSimulator.ActiveCfg = Debug|iPhoneSimulator
		{B7552E42-546C-479A-B56B-AA66FEE2FD00}.Debug|iPhoneSimulator.Build.0 = Debug|iPhoneSimulator
		{B7552E42-546C-479A-B56B-AA66FEE2FD00}.Release|iPhoneSimulator.ActiveCfg = Release|iPhoneSimulator
		{B7552E42-546C-479A-B56B-AA66FEE2FD00}.Release|iPhoneSimulator.Build.0 = Release|iPhoneSimulator
		{B7552E42-546C-479A-B56B-AA66FEE2FD00}.Debug|iPhone.ActiveCfg = Debug|iPhone
		{B7552E42-546C-479A-B56B-AA66FEE2FD00}.Debug|iPhone.Build.0 = Debug|iPhone
		{B7552E42-546C-479A-B56B-AA66FEE2FD00}.Release|iPhone.ActiveCfg = Release|iPhone
		{B7552E42-546C-479A-B56B-AA66FEE2FD00}.Release|iPhone.Build.0 = Release|iPhone
		{50DBA333-AC8B-4784-B3B0-8B27DD5835C6}.Debug|Any CPU.ActiveCfg = Debug|Any CPU
		{50DBA333-AC8B-4784-B3B0-8B27DD5835C6}.Debug|Any CPU.Build.0 = Debug|Any CPU
		{50DBA333-AC8B-4784-B3B0-8B27DD5835C6}.Release|Any CPU.ActiveCfg = Release|Any CPU
		{50DBA333-AC8B-4784-B3B0-8B27DD5835C6}.Release|Any CPU.Build.0 = Release|Any CPU
		{50DBA333-AC8B-4784-B3B0-8B27DD5835C6}.Debug|iPhoneSimulator.ActiveCfg = Debug|Any CPU
		{50DBA333-AC8B-4784-B3B0-8B27DD5835C6}.Debug|iPhoneSimulator.Build.0 = Debug|Any CPU
		{50DBA333-AC8B-4784-B3B0-8B27DD5835C6}.Release|iPhoneSimulator.ActiveCfg = Release|Any CPU
		{50DBA333-AC8B-4784-B3B0-8B27DD5835C6}.Release|iPhoneSimulator.Build.0 = Release|Any CPU
		{50DBA333-AC8B-4784-B3B0-8B27DD5835C6}.Debug|iPhone.ActiveCfg = Debug|Any CPU
		{50DBA333-AC8B-4784-B3B0-8B27DD5835C6}.Debug|iPhone.Build.0 = Debug|Any CPU
		{50DBA333-AC8B-4784-B3B0-8B27DD5835C6}.Release|iPhone.ActiveCfg = Release|Any CPU
		{50DBA333-AC8B-4784-B3B0-8B27DD5835C6}.Release|iPhone.Build.0 = Release|Any CPU
	EndGlobalSection
EndGlobal
