
Microsoft Visual Studio Solution File, Format Version 12.00
# Visual Studio 15
Project("{FAE04EC0-301F-11D3-BF4B-00C04F79EFBC}") = "EssentialSyntax.Android", "EssentialSyntax.Android\EssentialSyntax.Android.csproj", "{D764BB09-B97C-47B2-B2ED-37218436071F}"
EndProject
Project("{FAE04EC0-301F-11D3-BF4B-00C04F79EFBC}") = "EssentialSyntax.iOS", "EssentialSyntax.iOS\EssentialSyntax.iOS.csproj", "{2C7FAED1-137A-437D-9CF1-36FA743F8859}"
EndProject
Project("{FAE04EC0-301F-11D3-BF4B-00C04F79EFBC}") = "EssentialSyntax", "EssentialSyntax\EssentialSyntax.csproj", "{CCD6644C-381A-4563-8C3D-A914FECBC672}"
EndProject
Global
	GlobalSection(SolutionConfigurationPlatforms) = preSolution
		Debug|Any CPU = Debug|Any CPU
		Release|Any CPU = Release|Any CPU
		Debug|iPhoneSimulator = Debug|iPhoneSimulator
		Release|iPhoneSimulator = Release|iPhoneSimulator
		Debug|iPhone = Debug|iPhone
		Release|iPhone = Release|iPhone
	EndGlobalSection
	GlobalSection(ProjectConfigurationPlatforms) = postSolution
		{D764BB09-B97C-47B2-B2ED-37218436071F}.Debug|Any CPU.ActiveCfg = Debug|Any CPU
		{D764BB09-B97C-47B2-B2ED-37218436071F}.Debug|Any CPU.Build.0 = Debug|Any CPU
		{D764BB09-B97C-47B2-B2ED-37218436071F}.Release|Any CPU.ActiveCfg = Release|Any CPU
		{D764BB09-B97C-47B2-B2ED-37218436071F}.Release|Any CPU.Build.0 = Release|Any CPU
		{D764BB09-B97C-47B2-B2ED-37218436071F}.Debug|iPhoneSimulator.ActiveCfg = Debug|Any CPU
		{D764BB09-B97C-47B2-B2ED-37218436071F}.Debug|iPhoneSimulator.Build.0 = Debug|Any CPU
		{D764BB09-B97C-47B2-B2ED-37218436071F}.Release|iPhoneSimulator.ActiveCfg = Release|Any CPU
		{D764BB09-B97C-47B2-B2ED-37218436071F}.Release|iPhoneSimulator.Build.0 = Release|Any CPU
		{D764BB09-B97C-47B2-B2ED-37218436071F}.Debug|iPhone.ActiveCfg = Debug|Any CPU
		{D764BB09-B97C-47B2-B2ED-37218436071F}.Debug|iPhone.Build.0 = Debug|Any CPU
		{D764BB09-B97C-47B2-B2ED-37218436071F}.Release|iPhone.ActiveCfg = Release|Any CPU
		{D764BB09-B97C-47B2-B2ED-37218436071F}.Release|iPhone.Build.0 = Release|Any CPU
		{2C7FAED1-137A-437D-9CF1-36FA743F8859}.Debug|Any CPU.ActiveCfg = Debug|iPhoneSimulator
		{2C7FAED1-137A-437D-9CF1-36FA743F8859}.Debug|Any CPU.Build.0 = Debug|iPhoneSimulator
		{2C7FAED1-137A-437D-9CF1-36FA743F8859}.Release|Any CPU.ActiveCfg = Release|iPhoneSimulator
		{2C7FAED1-137A-437D-9CF1-36FA743F8859}.Release|Any CPU.Build.0 = Release|iPhoneSimulator
		{2C7FAED1-137A-437D-9CF1-36FA743F8859}.Debug|iPhoneSimulator.ActiveCfg = Debug|iPhoneSimulator
		{2C7FAED1-137A-437D-9CF1-36FA743F8859}.Debug|iPhoneSimulator.Build.0 = Debug|iPhoneSimulator
		{2C7FAED1-137A-437D-9CF1-36FA743F8859}.Release|iPhoneSimulator.ActiveCfg = Release|iPhoneSimulator
		{2C7FAED1-137A-437D-9CF1-36FA743F8859}.Release|iPhoneSimulator.Build.0 = Release|iPhoneSimulator
		{2C7FAED1-137A-437D-9CF1-36FA743F8859}.Debug|iPhone.ActiveCfg = Debug|iPhone
		{2C7FAED1-137A-437D-9CF1-36FA743F8859}.Debug|iPhone.Build.0 = Debug|iPhone
		{2C7FAED1-137A-437D-9CF1-36FA743F8859}.Release|iPhone.ActiveCfg = Release|iPhone
		{2C7FAED1-137A-437D-9CF1-36FA743F8859}.Release|iPhone.Build.0 = Release|iPhone
		{CCD6644C-381A-4563-8C3D-A914FECBC672}.Debug|Any CPU.ActiveCfg = Debug|Any CPU
		{CCD6644C-381A-4563-8C3D-A914FECBC672}.Debug|Any CPU.Build.0 = Debug|Any CPU
		{CCD6644C-381A-4563-8C3D-A914FECBC672}.Release|Any CPU.ActiveCfg = Release|Any CPU
		{CCD6644C-381A-4563-8C3D-A914FECBC672}.Release|Any CPU.Build.0 = Release|Any CPU
		{CCD6644C-381A-4563-8C3D-A914FECBC672}.Debug|iPhoneSimulator.ActiveCfg = Debug|Any CPU
		{CCD6644C-381A-4563-8C3D-A914FECBC672}.Debug|iPhoneSimulator.Build.0 = Debug|Any CPU
		{CCD6644C-381A-4563-8C3D-A914FECBC672}.Release|iPhoneSimulator.ActiveCfg = Release|Any CPU
		{CCD6644C-381A-4563-8C3D-A914FECBC672}.Release|iPhoneSimulator.Build.0 = Release|Any CPU
		{CCD6644C-381A-4563-8C3D-A914FECBC672}.Debug|iPhone.ActiveCfg = Debug|Any CPU
		{CCD6644C-381A-4563-8C3D-A914FECBC672}.Debug|iPhone.Build.0 = Debug|Any CPU
		{CCD6644C-381A-4563-8C3D-A914FECBC672}.Release|iPhone.ActiveCfg = Release|Any CPU
		{CCD6644C-381A-4563-8C3D-A914FECBC672}.Release|iPhone.Build.0 = Release|Any CPU
	EndGlobalSection
EndGlobal
