
Microsoft Visual Studio Solution File, Format Version 12.00
# Visual Studio 15
Project("{FAE04EC0-301F-11D3-BF4B-00C04F79EFBC}") = "BitmapBasics.Android", "BitmapBasics.Android\BitmapBasics.Android.csproj", "{34E7D3E6-AD8B-4CFF-9552-14B369D9BCAA}"
EndProject
Project("{FAE04EC0-301F-11D3-BF4B-00C04F79EFBC}") = "BitmapBasics.iOS", "BitmapBasics.iOS\BitmapBasics.iOS.csproj", "{C6E3BF20-740D-49C9-9B11-365924E3461B}"
EndProject
Project("{FAE04EC0-301F-11D3-BF4B-00C04F79EFBC}") = "BitmapBasics", "BitmapBasics\BitmapBasics.csproj", "{D6A0929E-9689-4627-9F66-CD434344A934}"
EndProject
Global
	GlobalSection(SolutionConfigurationPlatforms) = preSolution
		Debug|Any CPU = Debug|Any CPU
		Release|Any CPU = Release|Any CPU
		Debug|iPhoneSimulator = Debug|iPhoneSimulator
		Release|iPhoneSimulator = Release|iPhoneSimulator
		Debug|iPhone = Debug|iPhone
		Release|iPhone = Release|iPhone
	EndGlobalSection
	GlobalSection(ProjectConfigurationPlatforms) = postSolution
		{34E7D3E6-AD8B-4CFF-9552-14B369D9BCAA}.Debug|Any CPU.ActiveCfg = Debug|Any CPU
		{34E7D3E6-AD8B-4CFF-9552-14B369D9BCAA}.Debug|Any CPU.Build.0 = Debug|Any CPU
		{34E7D3E6-AD8B-4CFF-9552-14B369D9BCAA}.Release|Any CPU.ActiveCfg = Release|Any CPU
		{34E7D3E6-AD8B-4CFF-9552-14B369D9BCAA}.Release|Any CPU.Build.0 = Release|Any CPU
		{34E7D3E6-AD8B-4CFF-9552-14B369D9BCAA}.Debug|iPhoneSimulator.ActiveCfg = Debug|Any CPU
		{34E7D3E6-AD8B-4CFF-9552-14B369D9BCAA}.Debug|iPhoneSimulator.Build.0 = Debug|Any CPU
		{34E7D3E6-AD8B-4CFF-9552-14B369D9BCAA}.Release|iPhoneSimulator.ActiveCfg = Release|Any CPU
		{34E7D3E6-AD8B-4CFF-9552-14B369D9BCAA}.Release|iPhoneSimulator.Build.0 = Release|Any CPU
		{34E7D3E6-AD8B-4CFF-9552-14B369D9BCAA}.Debug|iPhone.ActiveCfg = Debug|Any CPU
		{34E7D3E6-AD8B-4CFF-9552-14B369D9BCAA}.Debug|iPhone.Build.0 = Debug|Any CPU
		{34E7D3E6-AD8B-4CFF-9552-14B369D9BCAA}.Release|iPhone.ActiveCfg = Release|Any CPU
		{34E7D3E6-AD8B-4CFF-9552-14B369D9BCAA}.Release|iPhone.Build.0 = Release|Any CPU
		{C6E3BF20-740D-49C9-9B11-365924E3461B}.Debug|Any CPU.ActiveCfg = Debug|iPhoneSimulator
		{C6E3BF20-740D-49C9-9B11-365924E3461B}.Debug|Any CPU.Build.0 = Debug|iPhoneSimulator
		{C6E3BF20-740D-49C9-9B11-365924E3461B}.Release|Any CPU.ActiveCfg = Release|iPhoneSimulator
		{C6E3BF20-740D-49C9-9B11-365924E3461B}.Release|Any CPU.Build.0 = Release|iPhoneSimulator
		{C6E3BF20-740D-49C9-9B11-365924E3461B}.Debug|iPhoneSimulator.ActiveCfg = Debug|iPhoneSimulator
		{C6E3BF20-740D-49C9-9B11-365924E3461B}.Debug|iPhoneSimulator.Build.0 = Debug|iPhoneSimulator
		{C6E3BF20-740D-49C9-9B11-365924E3461B}.Release|iPhoneSimulator.ActiveCfg = Release|iPhoneSimulator
		{C6E3BF20-740D-49C9-9B11-365924E3461B}.Release|iPhoneSimulator.Build.0 = Release|iPhoneSimulator
		{C6E3BF20-740D-49C9-9B11-365924E3461B}.Debug|iPhone.ActiveCfg = Debug|iPhone
		{C6E3BF20-740D-49C9-9B11-365924E3461B}.Debug|iPhone.Build.0 = Debug|iPhone
		{C6E3BF20-740D-49C9-9B11-365924E3461B}.Release|iPhone.ActiveCfg = Release|iPhone
		{C6E3BF20-740D-49C9-9B11-365924E3461B}.Release|iPhone.Build.0 = Release|iPhone
		{D6A0929E-9689-4627-9F66-CD434344A934}.Debug|Any CPU.ActiveCfg = Debug|Any CPU
		{D6A0929E-9689-4627-9F66-CD434344A934}.Debug|Any CPU.Build.0 = Debug|Any CPU
		{D6A0929E-9689-4627-9F66-CD434344A934}.Release|Any CPU.ActiveCfg = Release|Any CPU
		{D6A0929E-9689-4627-9F66-CD434344A934}.Release|Any CPU.Build.0 = Release|Any CPU
		{D6A0929E-9689-4627-9F66-CD434344A934}.Debug|iPhoneSimulator.ActiveCfg = Debug|Any CPU
		{D6A0929E-9689-4627-9F66-CD434344A934}.Debug|iPhoneSimulator.Build.0 = Debug|Any CPU
		{D6A0929E-9689-4627-9F66-CD434344A934}.Release|iPhoneSimulator.ActiveCfg = Release|Any CPU
		{D6A0929E-9689-4627-9F66-CD434344A934}.Release|iPhoneSimulator.Build.0 = Release|Any CPU
		{D6A0929E-9689-4627-9F66-CD434344A934}.Debug|iPhone.ActiveCfg = Debug|Any CPU
		{D6A0929E-9689-4627-9F66-CD434344A934}.Debug|iPhone.Build.0 = Debug|Any CPU
		{D6A0929E-9689-4627-9F66-CD434344A934}.Release|iPhone.ActiveCfg = Release|Any CPU
		{D6A0929E-9689-4627-9F66-CD434344A934}.Release|iPhone.Build.0 = Release|Any CPU
	EndGlobalSection
EndGlobal
