
Microsoft Visual Studio Solution File, Format Version 12.00
# Visual Studio 15
Project("{FAE04EC0-301F-11D3-BF4B-00C04F79EFBC}") = "AppClass.Android", "AppClass.Android\AppClass.Android.csproj", "{E94FAF3B-3594-4F17-84CF-9CDDECBCADB3}"
EndProject
Project("{FAE04EC0-301F-11D3-BF4B-00C04F79EFBC}") = "AppClass.iOS", "AppClass.iOS\AppClass.iOS.csproj", "{4D2C2C75-8CE0-440A-99C7-A46717435670}"
EndProject
Project("{FAE04EC0-301F-11D3-BF4B-00C04F79EFBC}") = "AppClass", "AppClass\AppClass.csproj", "{0E547B0C-AD6F-47D6-B053-B77FFE61314B}"
EndProject
Global
	GlobalSection(SolutionConfigurationPlatforms) = preSolution
		Debug|Any CPU = Debug|Any CPU
		Release|Any CPU = Release|Any CPU
		Debug|iPhoneSimulator = Debug|iPhoneSimulator
		Release|iPhoneSimulator = Release|iPhoneSimulator
		Debug|iPhone = Debug|iPhone
		Release|iPhone = Release|iPhone
	EndGlobalSection
	GlobalSection(ProjectConfigurationPlatforms) = postSolution
		{E94FAF3B-3594-4F17-84CF-9CDDECBCADB3}.Debug|Any CPU.ActiveCfg = Debug|Any CPU
		{E94FAF3B-3594-4F17-84CF-9CDDECBCADB3}.Debug|Any CPU.Build.0 = Debug|Any CPU
		{E94FAF3B-3594-4F17-84CF-9CDDECBCADB3}.Release|Any CPU.ActiveCfg = Release|Any CPU
		{E94FAF3B-3594-4F17-84CF-9CDDECBCADB3}.Release|Any CPU.Build.0 = Release|Any CPU
		{E94FAF3B-3594-4F17-84CF-9CDDECBCADB3}.Debug|iPhoneSimulator.ActiveCfg = Debug|Any CPU
		{E94FAF3B-3594-4F17-84CF-9CDDECBCADB3}.Debug|iPhoneSimulator.Build.0 = Debug|Any CPU
		{E94FAF3B-3594-4F17-84CF-9CDDECBCADB3}.Release|iPhoneSimulator.ActiveCfg = Release|Any CPU
		{E94FAF3B-3594-4F17-84CF-9CDDECBCADB3}.Release|iPhoneSimulator.Build.0 = Release|Any CPU
		{E94FAF3B-3594-4F17-84CF-9CDDECBCADB3}.Debug|iPhone.ActiveCfg = Debug|Any CPU
		{E94FAF3B-3594-4F17-84CF-9CDDECBCADB3}.Debug|iPhone.Build.0 = Debug|Any CPU
		{E94FAF3B-3594-4F17-84CF-9CDDECBCADB3}.Release|iPhone.ActiveCfg = Release|Any CPU
		{E94FAF3B-3594-4F17-84CF-9CDDECBCADB3}.Release|iPhone.Build.0 = Release|Any CPU
		{4D2C2C75-8CE0-440A-99C7-A46717435670}.Debug|Any CPU.ActiveCfg = Debug|iPhoneSimulator
		{4D2C2C75-8CE0-440A-99C7-A46717435670}.Debug|Any CPU.Build.0 = Debug|iPhoneSimulator
		{4D2C2C75-8CE0-440A-99C7-A46717435670}.Release|Any CPU.ActiveCfg = Release|iPhoneSimulator
		{4D2C2C75-8CE0-440A-99C7-A46717435670}.Release|Any CPU.Build.0 = Release|iPhoneSimulator
		{4D2C2C75-8CE0-440A-99C7-A46717435670}.Debug|iPhoneSimulator.ActiveCfg = Debug|iPhoneSimulator
		{4D2C2C75-8CE0-440A-99C7-A46717435670}.Debug|iPhoneSimulator.Build.0 = Debug|iPhoneSimulator
		{4D2C2C75-8CE0-440A-99C7-A46717435670}.Release|iPhoneSimulator.ActiveCfg = Release|iPhoneSimulator
		{4D2C2C75-8CE0-440A-99C7-A46717435670}.Release|iPhoneSimulator.Build.0 = Release|iPhoneSimulator
		{4D2C2C75-8CE0-440A-99C7-A46717435670}.Debug|iPhone.ActiveCfg = Debug|iPhone
		{4D2C2C75-8CE0-440A-99C7-A46717435670}.Debug|iPhone.Build.0 = Debug|iPhone
		{4D2C2C75-8CE0-440A-99C7-A46717435670}.Release|iPhone.ActiveCfg = Release|iPhone
		{4D2C2C75-8CE0-440A-99C7-A46717435670}.Release|iPhone.Build.0 = Release|iPhone
		{0E547B0C-AD6F-47D6-B053-B77FFE61314B}.Debug|Any CPU.ActiveCfg = Debug|Any CPU
		{0E547B0C-AD6F-47D6-B053-B77FFE61314B}.Debug|Any CPU.Build.0 = Debug|Any CPU
		{0E547B0C-AD6F-47D6-B053-B77FFE61314B}.Release|Any CPU.ActiveCfg = Release|Any CPU
		{0E547B0C-AD6F-47D6-B053-B77FFE61314B}.Release|Any CPU.Build.0 = Release|Any CPU
		{0E547B0C-AD6F-47D6-B053-B77FFE61314B}.Debug|iPhoneSimulator.ActiveCfg = Debug|Any CPU
		{0E547B0C-AD6F-47D6-B053-B77FFE61314B}.Debug|iPhoneSimulator.Build.0 = Debug|Any CPU
		{0E547B0C-AD6F-47D6-B053-B77FFE61314B}.Release|iPhoneSimulator.ActiveCfg = Release|Any CPU
		{0E547B0C-AD6F-47D6-B053-B77FFE61314B}.Release|iPhoneSimulator.Build.0 = Release|Any CPU
		{0E547B0C-AD6F-47D6-B053-B77FFE61314B}.Debug|iPhone.ActiveCfg = Debug|Any CPU
		{0E547B0C-AD6F-47D6-B053-B77FFE61314B}.Debug|iPhone.Build.0 = Debug|Any CPU
		{0E547B0C-AD6F-47D6-B053-B77FFE61314B}.Release|iPhone.ActiveCfg = Release|Any CPU
		{0E547B0C-AD6F-47D6-B053-B77FFE61314B}.Release|iPhone.Build.0 = Release|Any CPU
	EndGlobalSection
EndGlobal
